
Microsoft Visual Studio Solution File, Format Version 12.00
# Visual Studio Version 16
VisualStudioVersion = 16.0.31624.102
MinimumVisualStudioVersion = 10.0.40219.1
Project("{9A19103F-16F7-4668-BE54-9A1E7A4F7556}") = "Matrix_KeyWords_Generator", "Matriz_KeyWords_Generator\Matrix_KeyWords_Generator.csproj", "{C432F89F-877D-4CFC-AD54-F7B9C1B6D5E2}"
EndProject
Global
	GlobalSection(SolutionConfigurationPlatforms) = preSolution
		Debug|Any CPU = Debug|Any CPU
		Release|Any CPU = Release|Any CPU
	EndGlobalSection
	GlobalSection(ProjectConfigurationPlatforms) = postSolution
		{C432F89F-877D-4CFC-AD54-F7B9C1B6D5E2}.Debug|Any CPU.ActiveCfg = Debug|Any CPU
		{C432F89F-877D-4CFC-AD54-F7B9C1B6D5E2}.Debug|Any CPU.Build.0 = Debug|Any CPU
		{C432F89F-877D-4CFC-AD54-F7B9C1B6D5E2}.Release|Any CPU.ActiveCfg = Release|Any CPU
		{C432F89F-877D-4CFC-AD54-F7B9C1B6D5E2}.Release|Any CPU.Build.0 = Release|Any CPU
	EndGlobalSection
	GlobalSection(SolutionProperties) = preSolution
		HideSolutionNode = FALSE
	EndGlobalSection
	GlobalSection(ExtensibilityGlobals) = postSolution
		SolutionGuid = {5EA9417D-94DB-49C2-8A6F-253869DD71D6}
	EndGlobalSection
EndGlobal
